
Microsoft Visual Studio Solution File, Format Version 12.00
# Visual Studio Version 17
VisualStudioVersion = 17.8.34601.278
MinimumVisualStudioVersion = 10.0.40219.1
Project("{9A19103F-16F7-4668-BE54-9A1E7A4F7556}") = "ShalomCemetery", "ShalomCemetery\ShalomCemetery.csproj", "{C4406F5F-F96F-453D-B225-3863ACB97656}"
EndProject
Project("{2150E333-8FDC-42A3-9474-1A3956D46DE8}") = "Common", "Common", "{28ED5704-C647-450F-B3A5-AF51CC34BCF9}"
EndProject
Project("{2150E333-8FDC-42A3-9474-1A3956D46DE8}") = "Core", "Core", "{6C44D793-C5BB-4F56-B00D-5F80522253F0}"
EndProject
Project("{9A19103F-16F7-4668-BE54-9A1E7A4F7556}") = "Application", "Application\Application.csproj", "{3A286CF9-0BA0-4D82-BA81-4C4BEB4AB2F9}"
EndProject
Project("{9A19103F-16F7-4668-BE54-9A1E7A4F7556}") = "Domian", "Domian\Domian.csproj", "{6CAC85BC-B84A-45DA-A995-A1FF7D2159A7}"
EndProject
Project("{2150E333-8FDC-42A3-9474-1A3956D46DE8}") = "Infrastructure", "Infrastructure", "{92607609-BC94-4FEF-994F-FF8261200E22}"
EndProject
Project("{9A19103F-16F7-4668-BE54-9A1E7A4F7556}") = "ExternalAPI", "ExternalAPI\ExternalAPI.csproj", "{F2B34AD8-464A-4E02-A0C0-B2A4E1675AFC}"
EndProject
Project("{9A19103F-16F7-4668-BE54-9A1E7A4F7556}") = "Infrastructure", "Infrastructure\Infrastructure.csproj", "{522DA7FA-934C-44A6-BE6D-0450DDCA8324}"
EndProject
Project("{9A19103F-16F7-4668-BE54-9A1E7A4F7556}") = "Persistence", "Persistence\Persistence.csproj", "{70ABC3B2-5CB7-4026-9598-0B0B4F9502A6}"
EndProject
Project("{2150E333-8FDC-42A3-9474-1A3956D46DE8}") = "Presentation", "Presentation", "{B8EA14FF-8EFF-437F-971A-D5E1F25DA30E}"
EndProject
Project("{FAE04EC0-301F-11D3-BF4B-00C04F79EFBC}") = "DTO", "DTO\DTO.csproj", "{68364AE2-6BED-439E-9F05-05B02EABED73}"
EndProject
Project("{FAE04EC0-301F-11D3-BF4B-00C04F79EFBC}") = "Middlewares", "Middlewares\Middlewares.csproj", "{8B36D977-792B-4D73-AEDB-DC6769CAFE74}"
EndProject
Project("{FAE04EC0-301F-11D3-BF4B-00C04F79EFBC}") = "Helper", "Helper\Helper.csproj", "{27D6E1E6-72CB-4070-8C3D-41A8B4413F5A}"
EndProject
Global
	GlobalSection(SolutionConfigurationPlatforms) = preSolution
		Debug|Any CPU = Debug|Any CPU
		Release|Any CPU = Release|Any CPU
	EndGlobalSection
	GlobalSection(ProjectConfigurationPlatforms) = postSolution
		{C4406F5F-F96F-453D-B225-3863ACB97656}.Debug|Any CPU.ActiveCfg = Debug|Any CPU
		{C4406F5F-F96F-453D-B225-3863ACB97656}.Debug|Any CPU.Build.0 = Debug|Any CPU
		{C4406F5F-F96F-453D-B225-3863ACB97656}.Release|Any CPU.ActiveCfg = Release|Any CPU
		{C4406F5F-F96F-453D-B225-3863ACB97656}.Release|Any CPU.Build.0 = Release|Any CPU
		{3A286CF9-0BA0-4D82-BA81-4C4BEB4AB2F9}.Debug|Any CPU.ActiveCfg = Debug|Any CPU
		{3A286CF9-0BA0-4D82-BA81-4C4BEB4AB2F9}.Debug|Any CPU.Build.0 = Debug|Any CPU
		{3A286CF9-0BA0-4D82-BA81-4C4BEB4AB2F9}.Release|Any CPU.ActiveCfg = Release|Any CPU
		{3A286CF9-0BA0-4D82-BA81-4C4BEB4AB2F9}.Release|Any CPU.Build.0 = Release|Any CPU
		{6CAC85BC-B84A-45DA-A995-A1FF7D2159A7}.Debug|Any CPU.ActiveCfg = Debug|Any CPU
		{6CAC85BC-B84A-45DA-A995-A1FF7D2159A7}.Debug|Any CPU.Build.0 = Debug|Any CPU
		{6CAC85BC-B84A-45DA-A995-A1FF7D2159A7}.Release|Any CPU.ActiveCfg = Release|Any CPU
		{6CAC85BC-B84A-45DA-A995-A1FF7D2159A7}.Release|Any CPU.Build.0 = Release|Any CPU
		{F2B34AD8-464A-4E02-A0C0-B2A4E1675AFC}.Debug|Any CPU.ActiveCfg = Debug|Any CPU
		{F2B34AD8-464A-4E02-A0C0-B2A4E1675AFC}.Debug|Any CPU.Build.0 = Debug|Any CPU
		{F2B34AD8-464A-4E02-A0C0-B2A4E1675AFC}.Release|Any CPU.ActiveCfg = Release|Any CPU
		{F2B34AD8-464A-4E02-A0C0-B2A4E1675AFC}.Release|Any CPU.Build.0 = Release|Any CPU
		{522DA7FA-934C-44A6-BE6D-0450DDCA8324}.Debug|Any CPU.ActiveCfg = Debug|Any CPU
		{522DA7FA-934C-44A6-BE6D-0450DDCA8324}.Debug|Any CPU.Build.0 = Debug|Any CPU
		{522DA7FA-934C-44A6-BE6D-0450DDCA8324}.Release|Any CPU.ActiveCfg = Release|Any CPU
		{522DA7FA-934C-44A6-BE6D-0450DDCA8324}.Release|Any CPU.Build.0 = Release|Any CPU
		{70ABC3B2-5CB7-4026-9598-0B0B4F9502A6}.Debug|Any CPU.ActiveCfg = Debug|Any CPU
		{70ABC3B2-5CB7-4026-9598-0B0B4F9502A6}.Debug|Any CPU.Build.0 = Debug|Any CPU
		{70ABC3B2-5CB7-4026-9598-0B0B4F9502A6}.Release|Any CPU.ActiveCfg = Release|Any CPU
		{70ABC3B2-5CB7-4026-9598-0B0B4F9502A6}.Release|Any CPU.Build.0 = Release|Any CPU
		{68364AE2-6BED-439E-9F05-05B02EABED73}.Debug|Any CPU.ActiveCfg = Debug|Any CPU
		{68364AE2-6BED-439E-9F05-05B02EABED73}.Debug|Any CPU.Build.0 = Debug|Any CPU
		{68364AE2-6BED-439E-9F05-05B02EABED73}.Release|Any CPU.ActiveCfg = Release|Any CPU
		{68364AE2-6BED-439E-9F05-05B02EABED73}.Release|Any CPU.Build.0 = Release|Any CPU
		{8B36D977-792B-4D73-AEDB-DC6769CAFE74}.Debug|Any CPU.ActiveCfg = Debug|Any CPU
		{8B36D977-792B-4D73-AEDB-DC6769CAFE74}.Debug|Any CPU.Build.0 = Debug|Any CPU
		{8B36D977-792B-4D73-AEDB-DC6769CAFE74}.Release|Any CPU.ActiveCfg = Release|Any CPU
		{8B36D977-792B-4D73-AEDB-DC6769CAFE74}.Release|Any CPU.Build.0 = Release|Any CPU
		{27D6E1E6-72CB-4070-8C3D-41A8B4413F5A}.Debug|Any CPU.ActiveCfg = Debug|Any CPU
		{27D6E1E6-72CB-4070-8C3D-41A8B4413F5A}.Debug|Any CPU.Build.0 = Debug|Any CPU
		{27D6E1E6-72CB-4070-8C3D-41A8B4413F5A}.Release|Any CPU.ActiveCfg = Release|Any CPU
		{27D6E1E6-72CB-4070-8C3D-41A8B4413F5A}.Release|Any CPU.Build.0 = Release|Any CPU
	EndGlobalSection
	GlobalSection(SolutionProperties) = preSolution
		HideSolutionNode = FALSE
	EndGlobalSection
	GlobalSection(NestedProjects) = preSolution
		{C4406F5F-F96F-453D-B225-3863ACB97656} = {B8EA14FF-8EFF-437F-971A-D5E1F25DA30E}
		{3A286CF9-0BA0-4D82-BA81-4C4BEB4AB2F9} = {6C44D793-C5BB-4F56-B00D-5F80522253F0}
		{6CAC85BC-B84A-45DA-A995-A1FF7D2159A7} = {6C44D793-C5BB-4F56-B00D-5F80522253F0}
		{F2B34AD8-464A-4E02-A0C0-B2A4E1675AFC} = {92607609-BC94-4FEF-994F-FF8261200E22}
		{522DA7FA-934C-44A6-BE6D-0450DDCA8324} = {92607609-BC94-4FEF-994F-FF8261200E22}
		{70ABC3B2-5CB7-4026-9598-0B0B4F9502A6} = {92607609-BC94-4FEF-994F-FF8261200E22}
		{68364AE2-6BED-439E-9F05-05B02EABED73} = {B8EA14FF-8EFF-437F-971A-D5E1F25DA30E}
		{8B36D977-792B-4D73-AEDB-DC6769CAFE74} = {B8EA14FF-8EFF-437F-971A-D5E1F25DA30E}
		{27D6E1E6-72CB-4070-8C3D-41A8B4413F5A} = {28ED5704-C647-450F-B3A5-AF51CC34BCF9}
	EndGlobalSection
	GlobalSection(ExtensibilityGlobals) = postSolution
		SolutionGuid = {A25D8536-03B1-424F-8071-85491407EE17}
	EndGlobalSection
EndGlobal
